
Microsoft Visual Studio Solution File, Format Version 12.00
# Visual Studio 15
VisualStudioVersion = 15.0.26124.0
MinimumVisualStudioVersion = 15.0.26124.0
Project("{FAE04EC0-301F-11D3-BF4B-00C04F79EFBC}") = "CoursesDAL", "CoursesDAL\CoursesDAL.csproj", "{67AD59FC-4FAB-4F24-9BEE-F7AEB8E7BD22}"
EndProject
Project("{FAE04EC0-301F-11D3-BF4B-00C04F79EFBC}") = "CoursesClient", "CoursesClient\CoursesClient.csproj", "{38AF1A14-15DB-4708-BDDF-0153B09DBB08}"
EndProject
Global
	GlobalSection(SolutionConfigurationPlatforms) = preSolution
		Debug|Any CPU = Debug|Any CPU
		Debug|x64 = Debug|x64
		Debug|x86 = Debug|x86
		Release|Any CPU = Release|Any CPU
		Release|x64 = Release|x64
		Release|x86 = Release|x86
	EndGlobalSection
	GlobalSection(SolutionProperties) = preSolution
		HideSolutionNode = FALSE
	EndGlobalSection
	GlobalSection(ProjectConfigurationPlatforms) = postSolution
		{67AD59FC-4FAB-4F24-9BEE-F7AEB8E7BD22}.Debug|Any CPU.ActiveCfg = Debug|Any CPU
		{67AD59FC-4FAB-4F24-9BEE-F7AEB8E7BD22}.Debug|Any CPU.Build.0 = Debug|Any CPU
		{67AD59FC-4FAB-4F24-9BEE-F7AEB8E7BD22}.Debug|x64.ActiveCfg = Debug|Any CPU
		{67AD59FC-4FAB-4F24-9BEE-F7AEB8E7BD22}.Debug|x64.Build.0 = Debug|Any CPU
		{67AD59FC-4FAB-4F24-9BEE-F7AEB8E7BD22}.Debug|x86.ActiveCfg = Debug|Any CPU
		{67AD59FC-4FAB-4F24-9BEE-F7AEB8E7BD22}.Debug|x86.Build.0 = Debug|Any CPU
		{67AD59FC-4FAB-4F24-9BEE-F7AEB8E7BD22}.Release|Any CPU.ActiveCfg = Release|Any CPU
		{67AD59FC-4FAB-4F24-9BEE-F7AEB8E7BD22}.Release|Any CPU.Build.0 = Release|Any CPU
		{67AD59FC-4FAB-4F24-9BEE-F7AEB8E7BD22}.Release|x64.ActiveCfg = Release|Any CPU
		{67AD59FC-4FAB-4F24-9BEE-F7AEB8E7BD22}.Release|x64.Build.0 = Release|Any CPU
		{67AD59FC-4FAB-4F24-9BEE-F7AEB8E7BD22}.Release|x86.ActiveCfg = Release|Any CPU
		{67AD59FC-4FAB-4F24-9BEE-F7AEB8E7BD22}.Release|x86.Build.0 = Release|Any CPU
		{38AF1A14-15DB-4708-BDDF-0153B09DBB08}.Debug|Any CPU.ActiveCfg = Debug|Any CPU
		{38AF1A14-15DB-4708-BDDF-0153B09DBB08}.Debug|Any CPU.Build.0 = Debug|Any CPU
		{38AF1A14-15DB-4708-BDDF-0153B09DBB08}.Debug|x64.ActiveCfg = Debug|Any CPU
		{38AF1A14-15DB-4708-BDDF-0153B09DBB08}.Debug|x64.Build.0 = Debug|Any CPU
		{38AF1A14-15DB-4708-BDDF-0153B09DBB08}.Debug|x86.ActiveCfg = Debug|Any CPU
		{38AF1A14-15DB-4708-BDDF-0153B09DBB08}.Debug|x86.Build.0 = Debug|Any CPU
		{38AF1A14-15DB-4708-BDDF-0153B09DBB08}.Release|Any CPU.ActiveCfg = Release|Any CPU
		{38AF1A14-15DB-4708-BDDF-0153B09DBB08}.Release|Any CPU.Build.0 = Release|Any CPU
		{38AF1A14-15DB-4708-BDDF-0153B09DBB08}.Release|x64.ActiveCfg = Release|Any CPU
		{38AF1A14-15DB-4708-BDDF-0153B09DBB08}.Release|x64.Build.0 = Release|Any CPU
		{38AF1A14-15DB-4708-BDDF-0153B09DBB08}.Release|x86.ActiveCfg = Release|Any CPU
		{38AF1A14-15DB-4708-BDDF-0153B09DBB08}.Release|x86.Build.0 = Release|Any CPU
	EndGlobalSection
EndGlobal
